
Microsoft Visual Studio Solution File, Format Version 12.00
# Visual Studio Version 16
VisualStudioVersion = 16.0.31129.286
MinimumVisualStudioVersion = 10.0.40219.1
Project("{9A19103F-16F7-4668-BE54-9A1E7A4F7556}") = "QuikChart", "QuikChart.csproj", "{8B7B6ADB-2424-46C5-98E3-DDA9D8D4F4E0}"
EndProject
Project("{FAE04EC0-301F-11D3-BF4B-00C04F79EFBC}") = "QuikChartTest", "..\QuikChartTest\QuikChartTest.csproj", "{66F71D0A-B690-4BAE-9CDE-A27FACBBDCDE}"
EndProject
Project("{FAE04EC0-301F-11D3-BF4B-00C04F79EFBC}") = "Test", "..\Users\zhelt\source\repos\Test\Test.csproj", "{EA4B09DB-E740-463B-8567-431AB0FDCE42}"
EndProject
Global
	GlobalSection(SolutionConfigurationPlatforms) = preSolution
		Debug|Any CPU = Debug|Any CPU
		Release|Any CPU = Release|Any CPU
	EndGlobalSection
	GlobalSection(ProjectConfigurationPlatforms) = postSolution
		{8B7B6ADB-2424-46C5-98E3-DDA9D8D4F4E0}.Debug|Any CPU.ActiveCfg = Debug|Any CPU
		{8B7B6ADB-2424-46C5-98E3-DDA9D8D4F4E0}.Debug|Any CPU.Build.0 = Debug|Any CPU
		{8B7B6ADB-2424-46C5-98E3-DDA9D8D4F4E0}.Release|Any CPU.ActiveCfg = Release|Any CPU
		{8B7B6ADB-2424-46C5-98E3-DDA9D8D4F4E0}.Release|Any CPU.Build.0 = Release|Any CPU
		{66F71D0A-B690-4BAE-9CDE-A27FACBBDCDE}.Debug|Any CPU.ActiveCfg = Debug|Any CPU
		{66F71D0A-B690-4BAE-9CDE-A27FACBBDCDE}.Debug|Any CPU.Build.0 = Debug|Any CPU
		{66F71D0A-B690-4BAE-9CDE-A27FACBBDCDE}.Release|Any CPU.ActiveCfg = Release|Any CPU
		{66F71D0A-B690-4BAE-9CDE-A27FACBBDCDE}.Release|Any CPU.Build.0 = Release|Any CPU
		{EA4B09DB-E740-463B-8567-431AB0FDCE42}.Debug|Any CPU.ActiveCfg = Debug|Any CPU
		{EA4B09DB-E740-463B-8567-431AB0FDCE42}.Debug|Any CPU.Build.0 = Debug|Any CPU
		{EA4B09DB-E740-463B-8567-431AB0FDCE42}.Release|Any CPU.ActiveCfg = Release|Any CPU
		{EA4B09DB-E740-463B-8567-431AB0FDCE42}.Release|Any CPU.Build.0 = Release|Any CPU
	EndGlobalSection
	GlobalSection(SolutionProperties) = preSolution
		HideSolutionNode = FALSE
	EndGlobalSection
	GlobalSection(ExtensibilityGlobals) = postSolution
		SolutionGuid = {E3CCE1B6-FC04-4440-8302-A3C11B880B6E}
	EndGlobalSection
EndGlobal
